
Microsoft Visual Studio Solution File, Format Version 12.00
# Visual Studio Version 17
VisualStudioVersion = 17.3.32819.101
MinimumVisualStudioVersion = 10.0.40219.1
Project("{FAE04EC0-301F-11D3-BF4B-00C04F79EFBC}") = "api", "api\api.csproj", "{01F785D4-53F8-4F21-9277-729DEF2279D2}"
EndProject
Global
	GlobalSection(SolutionConfigurationPlatforms) = preSolution
		Debug|Any CPU = Debug|Any CPU
		Release|Any CPU = Release|Any CPU
	EndGlobalSection
	GlobalSection(ProjectConfigurationPlatforms) = postSolution
		{01F785D4-53F8-4F21-9277-729DEF2279D2}.Debug|Any CPU.ActiveCfg = Debug|Any CPU
		{01F785D4-53F8-4F21-9277-729DEF2279D2}.Debug|Any CPU.Build.0 = Debug|Any CPU
		{01F785D4-53F8-4F21-9277-729DEF2279D2}.Release|Any CPU.ActiveCfg = Release|Any CPU
		{01F785D4-53F8-4F21-9277-729DEF2279D2}.Release|Any CPU.Build.0 = Release|Any CPU
	EndGlobalSection
	GlobalSection(SolutionProperties) = preSolution
		HideSolutionNode = FALSE
	EndGlobalSection
	GlobalSection(ExtensibilityGlobals) = postSolution
		SolutionGuid = {4766300F-A274-4823-B030-67AD494EB780}
	EndGlobalSection
EndGlobal
